
Microsoft Visual Studio Solution File, Format Version 12.00
# Visual Studio 15
VisualStudioVersion = 15.0.27004.2000
MinimumVisualStudioVersion = 10.0.40219.1
Project("{2150E333-8FDC-42A3-9474-1A3956D46DE8}") = "src", "src", "{98ECD2D1-744F-4DFA-A16A-E13EE596F10C}"
EndProject
Project("{2150E333-8FDC-42A3-9474-1A3956D46DE8}") = "test", "test", "{FD8B1865-858C-4D7E-BA9A-135900B6E28B}"
EndProject
Project("{9A19103F-16F7-4668-BE54-9A1E7A4F7556}") = "SleetLib", "src\SleetLib\SleetLib.csproj", "{7718CBF2-4F50-4D95-87E2-4C2803973E94}"
EndProject
Project("{9A19103F-16F7-4668-BE54-9A1E7A4F7556}") = "Sleet", "src\Sleet\Sleet.csproj", "{DB59751A-661A-48BD-ABA7-A5E948A29B59}"
EndProject
Project("{9A19103F-16F7-4668-BE54-9A1E7A4F7556}") = "Sleet.Integration.Tests", "test\Sleet.Integration.Tests\Sleet.Integration.Tests.csproj", "{69693467-9840-4F59-9DBA-7D8D5944990D}"
EndProject
Project("{9A19103F-16F7-4668-BE54-9A1E7A4F7556}") = "SleetLib.Tests", "test\SleetLib.Tests\SleetLib.Tests.csproj", "{2E4C5418-3E94-44F0-A8B7-7DA06BC77E30}"
EndProject
Project("{9A19103F-16F7-4668-BE54-9A1E7A4F7556}") = "Sleet.CmdExe.Tests", "test\Sleet.CmdExe.Tests\Sleet.CmdExe.Tests.csproj", "{0C10CC07-4B17-4D86-B0C6-6D556E81AF31}"
EndProject
Project("{9A19103F-16F7-4668-BE54-9A1E7A4F7556}") = "Sleet.CliTool.Tests", "test\Sleet.CliTool.Tests\Sleet.CliTool.Tests.csproj", "{6F8415C0-BCB5-4622-BC72-D5B3A8B0F57A}"
EndProject
Project("{9A19103F-16F7-4668-BE54-9A1E7A4F7556}") = "Sleet.Test.Common", "test\Sleet.Test.Common\Sleet.Test.Common.csproj", "{6C64D862-C3B1-4B67-B61F-324232CE0BD2}"
EndProject
Project("{9A19103F-16F7-4668-BE54-9A1E7A4F7556}") = "Sleet.Azure.Tests", "test\Sleet.Azure.Tests\Sleet.Azure.Tests.csproj", "{09C24DAF-1671-4396-AADB-800651B3544D}"
EndProject
Project("{2150E333-8FDC-42A3-9474-1A3956D46DE8}") = "build", "build", "{0CE0BE4C-4714-4909-9888-3F573F2311D8}"
	ProjectSection(SolutionItems) = preProject
		build\config.props = build\config.props
	EndProjectSection
EndProject
Global
	GlobalSection(SolutionConfigurationPlatforms) = preSolution
		Debug|Any CPU = Debug|Any CPU
		Debug|x64 = Debug|x64
		Debug|x86 = Debug|x86
		Release|Any CPU = Release|Any CPU
		Release|x64 = Release|x64
		Release|x86 = Release|x86
	EndGlobalSection
	GlobalSection(ProjectConfigurationPlatforms) = postSolution
		{7718CBF2-4F50-4D95-87E2-4C2803973E94}.Debug|Any CPU.ActiveCfg = Debug|Any CPU
		{7718CBF2-4F50-4D95-87E2-4C2803973E94}.Debug|Any CPU.Build.0 = Debug|Any CPU
		{7718CBF2-4F50-4D95-87E2-4C2803973E94}.Debug|x64.ActiveCfg = Debug|Any CPU
		{7718CBF2-4F50-4D95-87E2-4C2803973E94}.Debug|x64.Build.0 = Debug|Any CPU
		{7718CBF2-4F50-4D95-87E2-4C2803973E94}.Debug|x86.ActiveCfg = Debug|Any CPU
		{7718CBF2-4F50-4D95-87E2-4C2803973E94}.Debug|x86.Build.0 = Debug|Any CPU
		{7718CBF2-4F50-4D95-87E2-4C2803973E94}.Release|Any CPU.ActiveCfg = Release|Any CPU
		{7718CBF2-4F50-4D95-87E2-4C2803973E94}.Release|Any CPU.Build.0 = Release|Any CPU
		{7718CBF2-4F50-4D95-87E2-4C2803973E94}.Release|x64.ActiveCfg = Release|Any CPU
		{7718CBF2-4F50-4D95-87E2-4C2803973E94}.Release|x64.Build.0 = Release|Any CPU
		{7718CBF2-4F50-4D95-87E2-4C2803973E94}.Release|x86.ActiveCfg = Release|Any CPU
		{7718CBF2-4F50-4D95-87E2-4C2803973E94}.Release|x86.Build.0 = Release|Any CPU
		{DB59751A-661A-48BD-ABA7-A5E948A29B59}.Debug|Any CPU.ActiveCfg = Debug|Any CPU
		{DB59751A-661A-48BD-ABA7-A5E948A29B59}.Debug|Any CPU.Build.0 = Debug|Any CPU
		{DB59751A-661A-48BD-ABA7-A5E948A29B59}.Debug|x64.ActiveCfg = Debug|Any CPU
		{DB59751A-661A-48BD-ABA7-A5E948A29B59}.Debug|x64.Build.0 = Debug|Any CPU
		{DB59751A-661A-48BD-ABA7-A5E948A29B59}.Debug|x86.ActiveCfg = Debug|Any CPU
		{DB59751A-661A-48BD-ABA7-A5E948A29B59}.Debug|x86.Build.0 = Debug|Any CPU
		{DB59751A-661A-48BD-ABA7-A5E948A29B59}.Release|Any CPU.ActiveCfg = Release|Any CPU
		{DB59751A-661A-48BD-ABA7-A5E948A29B59}.Release|Any CPU.Build.0 = Release|Any CPU
		{DB59751A-661A-48BD-ABA7-A5E948A29B59}.Release|x64.ActiveCfg = Release|Any CPU
		{DB59751A-661A-48BD-ABA7-A5E948A29B59}.Release|x64.Build.0 = Release|Any CPU
		{DB59751A-661A-48BD-ABA7-A5E948A29B59}.Release|x86.ActiveCfg = Release|Any CPU
		{DB59751A-661A-48BD-ABA7-A5E948A29B59}.Release|x86.Build.0 = Release|Any CPU
		{69693467-9840-4F59-9DBA-7D8D5944990D}.Debug|Any CPU.ActiveCfg = Debug|Any CPU
		{69693467-9840-4F59-9DBA-7D8D5944990D}.Debug|Any CPU.Build.0 = Debug|Any CPU
		{69693467-9840-4F59-9DBA-7D8D5944990D}.Debug|x64.ActiveCfg = Debug|Any CPU
		{69693467-9840-4F59-9DBA-7D8D5944990D}.Debug|x64.Build.0 = Debug|Any CPU
		{69693467-9840-4F59-9DBA-7D8D5944990D}.Debug|x86.ActiveCfg = Debug|Any CPU
		{69693467-9840-4F59-9DBA-7D8D5944990D}.Debug|x86.Build.0 = Debug|Any CPU
		{69693467-9840-4F59-9DBA-7D8D5944990D}.Release|Any CPU.ActiveCfg = Release|Any CPU
		{69693467-9840-4F59-9DBA-7D8D5944990D}.Release|Any CPU.Build.0 = Release|Any CPU
		{69693467-9840-4F59-9DBA-7D8D5944990D}.Release|x64.ActiveCfg = Release|Any CPU
		{69693467-9840-4F59-9DBA-7D8D5944990D}.Release|x64.Build.0 = Release|Any CPU
		{69693467-9840-4F59-9DBA-7D8D5944990D}.Release|x86.ActiveCfg = Release|Any CPU
		{69693467-9840-4F59-9DBA-7D8D5944990D}.Release|x86.Build.0 = Release|Any CPU
		{2E4C5418-3E94-44F0-A8B7-7DA06BC77E30}.Debug|Any CPU.ActiveCfg = Debug|Any CPU
		{2E4C5418-3E94-44F0-A8B7-7DA06BC77E30}.Debug|Any CPU.Build.0 = Debug|Any CPU
		{2E4C5418-3E94-44F0-A8B7-7DA06BC77E30}.Debug|x64.ActiveCfg = Debug|Any CPU
		{2E4C5418-3E94-44F0-A8B7-7DA06BC77E30}.Debug|x64.Build.0 = Debug|Any CPU
		{2E4C5418-3E94-44F0-A8B7-7DA06BC77E30}.Debug|x86.ActiveCfg = Debug|Any CPU
		{2E4C5418-3E94-44F0-A8B7-7DA06BC77E30}.Debug|x86.Build.0 = Debug|Any CPU
		{2E4C5418-3E94-44F0-A8B7-7DA06BC77E30}.Release|Any CPU.ActiveCfg = Release|Any CPU
		{2E4C5418-3E94-44F0-A8B7-7DA06BC77E30}.Release|Any CPU.Build.0 = Release|Any CPU
		{2E4C5418-3E94-44F0-A8B7-7DA06BC77E30}.Release|x64.ActiveCfg = Release|Any CPU
		{2E4C5418-3E94-44F0-A8B7-7DA06BC77E30}.Release|x64.Build.0 = Release|Any CPU
		{2E4C5418-3E94-44F0-A8B7-7DA06BC77E30}.Release|x86.ActiveCfg = Release|Any CPU
		{2E4C5418-3E94-44F0-A8B7-7DA06BC77E30}.Release|x86.Build.0 = Release|Any CPU
		{0C10CC07-4B17-4D86-B0C6-6D556E81AF31}.Debug|Any CPU.ActiveCfg = Debug|Any CPU
		{0C10CC07-4B17-4D86-B0C6-6D556E81AF31}.Debug|Any CPU.Build.0 = Debug|Any CPU
		{0C10CC07-4B17-4D86-B0C6-6D556E81AF31}.Debug|x64.ActiveCfg = Debug|Any CPU
		{0C10CC07-4B17-4D86-B0C6-6D556E81AF31}.Debug|x64.Build.0 = Debug|Any CPU
		{0C10CC07-4B17-4D86-B0C6-6D556E81AF31}.Debug|x86.ActiveCfg = Debug|Any CPU
		{0C10CC07-4B17-4D86-B0C6-6D556E81AF31}.Debug|x86.Build.0 = Debug|Any CPU
		{0C10CC07-4B17-4D86-B0C6-6D556E81AF31}.Release|Any CPU.ActiveCfg = Release|Any CPU
		{0C10CC07-4B17-4D86-B0C6-6D556E81AF31}.Release|Any CPU.Build.0 = Release|Any CPU
		{0C10CC07-4B17-4D86-B0C6-6D556E81AF31}.Release|x64.ActiveCfg = Release|Any CPU
		{0C10CC07-4B17-4D86-B0C6-6D556E81AF31}.Release|x64.Build.0 = Release|Any CPU
		{0C10CC07-4B17-4D86-B0C6-6D556E81AF31}.Release|x86.ActiveCfg = Release|Any CPU
		{0C10CC07-4B17-4D86-B0C6-6D556E81AF31}.Release|x86.Build.0 = Release|Any CPU
		{6F8415C0-BCB5-4622-BC72-D5B3A8B0F57A}.Debug|Any CPU.ActiveCfg = Debug|Any CPU
		{6F8415C0-BCB5-4622-BC72-D5B3A8B0F57A}.Debug|Any CPU.Build.0 = Debug|Any CPU
		{6F8415C0-BCB5-4622-BC72-D5B3A8B0F57A}.Debug|x64.ActiveCfg = Debug|Any CPU
		{6F8415C0-BCB5-4622-BC72-D5B3A8B0F57A}.Debug|x64.Build.0 = Debug|Any CPU
		{6F8415C0-BCB5-4622-BC72-D5B3A8B0F57A}.Debug|x86.ActiveCfg = Debug|Any CPU
		{6F8415C0-BCB5-4622-BC72-D5B3A8B0F57A}.Debug|x86.Build.0 = Debug|Any CPU
		{6F8415C0-BCB5-4622-BC72-D5B3A8B0F57A}.Release|Any CPU.ActiveCfg = Release|Any CPU
		{6F8415C0-BCB5-4622-BC72-D5B3A8B0F57A}.Release|Any CPU.Build.0 = Release|Any CPU
		{6F8415C0-BCB5-4622-BC72-D5B3A8B0F57A}.Release|x64.ActiveCfg = Release|Any CPU
		{6F8415C0-BCB5-4622-BC72-D5B3A8B0F57A}.Release|x64.Build.0 = Release|Any CPU
		{6F8415C0-BCB5-4622-BC72-D5B3A8B0F57A}.Release|x86.ActiveCfg = Release|Any CPU
		{6F8415C0-BCB5-4622-BC72-D5B3A8B0F57A}.Release|x86.Build.0 = Release|Any CPU
		{6C64D862-C3B1-4B67-B61F-324232CE0BD2}.Debug|Any CPU.ActiveCfg = Debug|Any CPU
		{6C64D862-C3B1-4B67-B61F-324232CE0BD2}.Debug|Any CPU.Build.0 = Debug|Any CPU
		{6C64D862-C3B1-4B67-B61F-324232CE0BD2}.Debug|x64.ActiveCfg = Debug|Any CPU
		{6C64D862-C3B1-4B67-B61F-324232CE0BD2}.Debug|x64.Build.0 = Debug|Any CPU
		{6C64D862-C3B1-4B67-B61F-324232CE0BD2}.Debug|x86.ActiveCfg = Debug|Any CPU
		{6C64D862-C3B1-4B67-B61F-324232CE0BD2}.Debug|x86.Build.0 = Debug|Any CPU
		{6C64D862-C3B1-4B67-B61F-324232CE0BD2}.Release|Any CPU.ActiveCfg = Release|Any CPU
		{6C64D862-C3B1-4B67-B61F-324232CE0BD2}.Release|Any CPU.Build.0 = Release|Any CPU
		{6C64D862-C3B1-4B67-B61F-324232CE0BD2}.Release|x64.ActiveCfg = Release|Any CPU
		{6C64D862-C3B1-4B67-B61F-324232CE0BD2}.Release|x64.Build.0 = Release|Any CPU
		{6C64D862-C3B1-4B67-B61F-324232CE0BD2}.Release|x86.ActiveCfg = Release|Any CPU
		{6C64D862-C3B1-4B67-B61F-324232CE0BD2}.Release|x86.Build.0 = Release|Any CPU
		{09C24DAF-1671-4396-AADB-800651B3544D}.Debug|Any CPU.ActiveCfg = Debug|Any CPU
		{09C24DAF-1671-4396-AADB-800651B3544D}.Debug|Any CPU.Build.0 = Debug|Any CPU
		{09C24DAF-1671-4396-AADB-800651B3544D}.Debug|x64.ActiveCfg = Debug|Any CPU
		{09C24DAF-1671-4396-AADB-800651B3544D}.Debug|x64.Build.0 = Debug|Any CPU
		{09C24DAF-1671-4396-AADB-800651B3544D}.Debug|x86.ActiveCfg = Debug|Any CPU
		{09C24DAF-1671-4396-AADB-800651B3544D}.Debug|x86.Build.0 = Debug|Any CPU
		{09C24DAF-1671-4396-AADB-800651B3544D}.Release|Any CPU.ActiveCfg = Release|Any CPU
		{09C24DAF-1671-4396-AADB-800651B3544D}.Release|Any CPU.Build.0 = Release|Any CPU
		{09C24DAF-1671-4396-AADB-800651B3544D}.Release|x64.ActiveCfg = Release|Any CPU
		{09C24DAF-1671-4396-AADB-800651B3544D}.Release|x64.Build.0 = Release|Any CPU
		{09C24DAF-1671-4396-AADB-800651B3544D}.Release|x86.ActiveCfg = Release|Any CPU
		{09C24DAF-1671-4396-AADB-800651B3544D}.Release|x86.Build.0 = Release|Any CPU
	EndGlobalSection
	GlobalSection(SolutionProperties) = preSolution
		HideSolutionNode = FALSE
	EndGlobalSection
	GlobalSection(NestedProjects) = preSolution
		{7718CBF2-4F50-4D95-87E2-4C2803973E94} = {98ECD2D1-744F-4DFA-A16A-E13EE596F10C}
		{DB59751A-661A-48BD-ABA7-A5E948A29B59} = {98ECD2D1-744F-4DFA-A16A-E13EE596F10C}
		{69693467-9840-4F59-9DBA-7D8D5944990D} = {FD8B1865-858C-4D7E-BA9A-135900B6E28B}
		{2E4C5418-3E94-44F0-A8B7-7DA06BC77E30} = {FD8B1865-858C-4D7E-BA9A-135900B6E28B}
		{0C10CC07-4B17-4D86-B0C6-6D556E81AF31} = {FD8B1865-858C-4D7E-BA9A-135900B6E28B}
		{6F8415C0-BCB5-4622-BC72-D5B3A8B0F57A} = {FD8B1865-858C-4D7E-BA9A-135900B6E28B}
		{6C64D862-C3B1-4B67-B61F-324232CE0BD2} = {FD8B1865-858C-4D7E-BA9A-135900B6E28B}
		{09C24DAF-1671-4396-AADB-800651B3544D} = {FD8B1865-858C-4D7E-BA9A-135900B6E28B}
	EndGlobalSection
	GlobalSection(ExtensibilityGlobals) = postSolution
		SolutionGuid = {B0F59D5B-E540-4B38-8F4B-34D9D4C62909}
	EndGlobalSection
EndGlobal
